
Microsoft Visual Studio Solution File, Format Version 12.00
# Visual Studio Version 17
VisualStudioVersion = 17.14.37027.9
MinimumVisualStudioVersion = 10.0.40219.1
Project("{FAE04EC0-301F-11D3-BF4B-00C04F79EFBC}") = "DcsMissionReader", "DcsMissionReader\DcsMissionReader.csproj", "{261A37EC-9D8A-424B-B91F-DB8898E4CF57}"
EndProject
Project("{FAE04EC0-301F-11D3-BF4B-00C04F79EFBC}") = "DcsMissionReaderTests", "DcsMissionReaderTests\DcsMissionReaderTests.csproj", "{56CB5653-1EAA-4DB7-9E1D-F5B30BE37F78}"
EndProject
Project("{2150E333-8FDC-42A3-9474-1A3956D46DE8}") = "Registration", "Registration", "{02EA681E-C7D8-13C7-8484-4AC65E1B71E8}"
	ProjectSection(SolutionItems) = preProject
		dcsmissionreader.reg = dcsmissionreader.reg
	EndProjectSection
EndProject
Project("{FAE04EC0-301F-11D3-BF4B-00C04F79EFBC}") = "LuaParser", "LuaParser\LuaParser.csproj", "{48CFE2DC-9A7D-4884-99AD-845604FB7C80}"
EndProject
Global
	GlobalSection(SolutionConfigurationPlatforms) = preSolution
		Debug|Any CPU = Debug|Any CPU
		Release|Any CPU = Release|Any CPU
	EndGlobalSection
	GlobalSection(ProjectConfigurationPlatforms) = postSolution
		{261A37EC-9D8A-424B-B91F-DB8898E4CF57}.Debug|Any CPU.ActiveCfg = Debug|Any CPU
		{261A37EC-9D8A-424B-B91F-DB8898E4CF57}.Debug|Any CPU.Build.0 = Debug|Any CPU
		{261A37EC-9D8A-424B-B91F-DB8898E4CF57}.Release|Any CPU.ActiveCfg = Release|Any CPU
		{261A37EC-9D8A-424B-B91F-DB8898E4CF57}.Release|Any CPU.Build.0 = Release|Any CPU
		{56CB5653-1EAA-4DB7-9E1D-F5B30BE37F78}.Debug|Any CPU.ActiveCfg = Debug|Any CPU
		{56CB5653-1EAA-4DB7-9E1D-F5B30BE37F78}.Debug|Any CPU.Build.0 = Debug|Any CPU
		{56CB5653-1EAA-4DB7-9E1D-F5B30BE37F78}.Release|Any CPU.ActiveCfg = Release|Any CPU
		{56CB5653-1EAA-4DB7-9E1D-F5B30BE37F78}.Release|Any CPU.Build.0 = Release|Any CPU
		{48CFE2DC-9A7D-4884-99AD-845604FB7C80}.Debug|Any CPU.ActiveCfg = Debug|Any CPU
		{48CFE2DC-9A7D-4884-99AD-845604FB7C80}.Debug|Any CPU.Build.0 = Debug|Any CPU
		{48CFE2DC-9A7D-4884-99AD-845604FB7C80}.Release|Any CPU.ActiveCfg = Release|Any CPU
		{48CFE2DC-9A7D-4884-99AD-845604FB7C80}.Release|Any CPU.Build.0 = Release|Any CPU
	EndGlobalSection
	GlobalSection(SolutionProperties) = preSolution
		HideSolutionNode = FALSE
	EndGlobalSection
	GlobalSection(ExtensibilityGlobals) = postSolution
		SolutionGuid = {72999472-27D8-4749-B506-7EF5EBFCBF47}
	EndGlobalSection
EndGlobal
